
Microsoft Visual Studio Solution File, Format Version 12.00
# Visual Studio Version 16
VisualStudioVersion = 16.0.31702.278
MinimumVisualStudioVersion = 10.0.40219.1
Project("{9A19103F-16F7-4668-BE54-9A1E7A4F7556}") = "MTCG", "MTCG\MTCG.csproj", "{D5D88FE9-E38D-473E-9B31-E121B24C3335}"
EndProject
Project("{FAE04EC0-301F-11D3-BF4B-00C04F79EFBC}") = "MTCG.Test", "MTCG.Test\MTCG.Test.csproj", "{6EF79859-24F7-48F0-BDA6-7BDB4EFA986F}"
EndProject
Global
	GlobalSection(SolutionConfigurationPlatforms) = preSolution
		Debug|Any CPU = Debug|Any CPU
		Release|Any CPU = Release|Any CPU
	EndGlobalSection
	GlobalSection(ProjectConfigurationPlatforms) = postSolution
		{D5D88FE9-E38D-473E-9B31-E121B24C3335}.Debug|Any CPU.ActiveCfg = Debug|Any CPU
		{D5D88FE9-E38D-473E-9B31-E121B24C3335}.Debug|Any CPU.Build.0 = Debug|Any CPU
		{D5D88FE9-E38D-473E-9B31-E121B24C3335}.Release|Any CPU.ActiveCfg = Release|Any CPU
		{D5D88FE9-E38D-473E-9B31-E121B24C3335}.Release|Any CPU.Build.0 = Release|Any CPU
		{6EF79859-24F7-48F0-BDA6-7BDB4EFA986F}.Debug|Any CPU.ActiveCfg = Debug|Any CPU
		{6EF79859-24F7-48F0-BDA6-7BDB4EFA986F}.Debug|Any CPU.Build.0 = Debug|Any CPU
		{6EF79859-24F7-48F0-BDA6-7BDB4EFA986F}.Release|Any CPU.ActiveCfg = Release|Any CPU
		{6EF79859-24F7-48F0-BDA6-7BDB4EFA986F}.Release|Any CPU.Build.0 = Release|Any CPU
	EndGlobalSection
	GlobalSection(SolutionProperties) = preSolution
		HideSolutionNode = FALSE
	EndGlobalSection
	GlobalSection(ExtensibilityGlobals) = postSolution
		SolutionGuid = {2FE36E04-CE2D-4257-965F-4FA9B8D93762}
	EndGlobalSection
EndGlobal
